
Microsoft Visual Studio Solution File, Format Version 12.00
# Visual Studio Version 16
VisualStudioVersion = 16.0.29920.165
MinimumVisualStudioVersion = 10.0.40219.1
Project("{FAE04EC0-301F-11D3-BF4B-00C04F79EFBC}") = "Raakadata", "Raakadata.csproj", "{C50B15A6-685F-4CBF-B21C-5B8E90E3E3B3}"
EndProject
Project("{FAE04EC0-301F-11D3-BF4B-00C04F79EFBC}") = "RaakadataLibrary", "..\RaakadataLibrary\RaakadataLibrary.csproj", "{D5A4744A-D940-43EF-86B4-65AC10C8BE94}"
EndProject
Project("{54435603-DBB4-11D2-8724-00A0C9A8B90C}") = "SeaMODE Parcer", "..\SeaMODE Parcer\SeaMODE Parcer.vdproj", "{6B947AC4-4EE2-407A-B85B-24AE1D2B6A45}"
EndProject
Global
	GlobalSection(SolutionConfigurationPlatforms) = preSolution
		Debug|Any CPU = Debug|Any CPU
		Release|Any CPU = Release|Any CPU
	EndGlobalSection
	GlobalSection(ProjectConfigurationPlatforms) = postSolution
		{C50B15A6-685F-4CBF-B21C-5B8E90E3E3B3}.Debug|Any CPU.ActiveCfg = Debug|Any CPU
		{C50B15A6-685F-4CBF-B21C-5B8E90E3E3B3}.Debug|Any CPU.Build.0 = Debug|Any CPU
		{C50B15A6-685F-4CBF-B21C-5B8E90E3E3B3}.Release|Any CPU.ActiveCfg = Release|Any CPU
		{C50B15A6-685F-4CBF-B21C-5B8E90E3E3B3}.Release|Any CPU.Build.0 = Release|Any CPU
		{D5A4744A-D940-43EF-86B4-65AC10C8BE94}.Debug|Any CPU.ActiveCfg = Debug|Any CPU
		{D5A4744A-D940-43EF-86B4-65AC10C8BE94}.Debug|Any CPU.Build.0 = Debug|Any CPU
		{D5A4744A-D940-43EF-86B4-65AC10C8BE94}.Release|Any CPU.ActiveCfg = Release|Any CPU
		{D5A4744A-D940-43EF-86B4-65AC10C8BE94}.Release|Any CPU.Build.0 = Release|Any CPU
		{6B947AC4-4EE2-407A-B85B-24AE1D2B6A45}.Debug|Any CPU.ActiveCfg = Debug
		{6B947AC4-4EE2-407A-B85B-24AE1D2B6A45}.Release|Any CPU.ActiveCfg = Release
	EndGlobalSection
	GlobalSection(SolutionProperties) = preSolution
		HideSolutionNode = FALSE
	EndGlobalSection
	GlobalSection(ExtensibilityGlobals) = postSolution
		SolutionGuid = {78FA4569-6E4C-42BD-8857-44E2BF9253E8}
	EndGlobalSection
EndGlobal
